{
	"name": "symbols",
	"version": "0.0.24",
	"lockfileVersion": 3,
	"requires": true,
	"packages": {
		"": {
			"name": "symbols",
			"version": "0.0.24",
			"devDependencies": {
				"@biomejs/biome": "^2.3.3",
				"@types/vscode": "^1.105.0",
				"@vscode/vsce": "^3.2.1",
				"markdown-table": "^3.0.4",
				"sharp": "^0.34.4"
			},
			"engines": {
				"vscode": "^1.88.0"
			}
		},
		"node_modules/@azu/format-text": {
			"version": "1.0.2",
			"resolved": "https://registry.npmjs.org/@azu/format-text/-/format-text-1.0.2.tgz",
			"integrity": "sha512-Swi4N7Edy1Eqq82GxgEECXSSLyn6GOb5htRFPzBDdUkECGXtlf12ynO5oJSpWKPwCaUssOu7NfhDcCWpIC6Ywg==",
			"dev": true,
			"license": "BSD-3-Clause"
		},
		"node_modules/@azu/style-format": {
			"version": "1.0.1",
			"resolved": "https://registry.npmjs.org/@azu/style-format/-/style-format-1.0.1.tgz",
			"integrity": "sha512-AHcTojlNBdD/3/KxIKlg8sxIWHfOtQszLvOpagLTO+bjC3u7SAszu1lf//u7JJC50aUSH+BVWDD/KvaA6Gfn5g==",
			"dev": true,
			"license": "WTFPL",
			"dependencies": {
				"@azu/format-text": "^1.0.1"
			}
		},
		"node_modules/@azure/abort-controller": {
			"version": "2.1.2",
			"resolved": "https://registry.npmjs.org/@azure/abort-controller/-/abort-controller-2.1.2.tgz",
			"integrity": "sha512-nBrLsEWm4J2u5LpAPjxADTlq3trDgVZZXHNKabeXZtpq3d3AbN/KGO82R87rdDz5/lYB024rtEf10/q0urNgsA==",
			"dev": true,
			"license": "MIT",
			"dependencies": {
				"tslib": "^2.6.2"
			},
			"engines": {
				"node": ">=18.0.0"
			}
		},
		"node_modules/@azure/core-auth": {
			"version": "1.10.1",
			"resolved": "https://registry.npmjs.org/@azure/core-auth/-/core-auth-1.10.1.tgz",
			"integrity": "sha512-ykRMW8PjVAn+RS6ww5cmK9U2CyH9p4Q88YJwvUslfuMmN98w/2rdGRLPqJYObapBCdzBVeDgYWdJnFPFb7qzpg==",
			"dev": true,
			"license": "MIT",
			"dependencies": {
				"@azure/abort-controller": "^2.1.2",
				"@azure/core-util": "^1.13.0",
				"tslib": "^2.6.2"
			},
			"engines": {
				"node": ">=20.0.0"
			}
		},
		"node_modules/@azure/core-client": {
			"version": "1.10.1",
			"resolved": "https://registry.npmjs.org/@azure/core-client/-/core-client-1.10.1.tgz",
			"integrity": "sha512-Nh5PhEOeY6PrnxNPsEHRr9eimxLwgLlpmguQaHKBinFYA/RU9+kOYVOQqOrTsCL+KSxrLLl1gD8Dk5BFW/7l/w==",
			"dev": true,
			"license": "MIT",
			"dependencies": {
				"@azure/abort-controller": "^2.1.2",
				"@azure/core-auth": "^1.10.0",
				"@azure/core-rest-pipeline": "^1.22.0",
				"@azure/core-tracing": "^1.3.0",
				"@azure/core-util": "^1.13.0",
				"@azure/logger": "^1.3.0",
				"tslib": "^2.6.2"
			},
			"engines": {
				"node": ">=20.0.0"
			}
		},
		"node_modules/@azure/core-rest-pipeline": {
			"version": "1.22.2",
			"resolved": "https://registry.npmjs.org/@azure/core-rest-pipeline/-/core-rest-pipeline-1.22.2.tgz",
			"integrity": "sha512-MzHym+wOi8CLUlKCQu12de0nwcq9k9Kuv43j4Wa++CsCpJwps2eeBQwD2Bu8snkxTtDKDx4GwjuR9E8yC8LNrg==",
			"dev": true,
			"license": "MIT",
			"dependencies": {
				"@azure/abort-controller": "^2.1.2",
				"@azure/core-auth": "^1.10.0",
				"@azure/core-tracing": "^1.3.0",
				"@azure/core-util": "^1.13.0",
				"@azure/logger": "^1.3.0",
				"@typespec/ts-http-runtime": "^0.3.0",
				"tslib": "^2.6.2"
			},
			"engines": {
				"node": ">=20.0.0"
			}
		},
		"node_modules/@azure/core-tracing": {
			"version": "1.3.1",
			"resolved": "https://registry.npmjs.org/@azure/core-tracing/-/core-tracing-1.3.1.tgz",
			"integrity": "sha512-9MWKevR7Hz8kNzzPLfX4EAtGM2b8mr50HPDBvio96bURP/9C+HjdH3sBlLSNNrvRAr5/k/svoH457gB5IKpmwQ==",
			"dev": true,
			"license": "MIT",
			"dependencies": {
				"tslib": "^2.6.2"
			},
			"engines": {
				"node": ">=20.0.0"
			}
		},
		"node_modules/@azure/core-util": {
			"version": "1.13.1",
			"resolved": "https://registry.npmjs.org/@azure/core-util/-/core-util-1.13.1.tgz",
			"integrity": "sha512-XPArKLzsvl0Hf0CaGyKHUyVgF7oDnhKoP85Xv6M4StF/1AhfORhZudHtOyf2s+FcbuQ9dPRAjB8J2KvRRMUK2A==",
			"dev": true,
			"license": "MIT",
			"dependencies": {
				"@azure/abort-controller": "^2.1.2",
				"@typespec/ts-http-runtime": "^0.3.0",
				"tslib": "^2.6.2"
			},
			"engines": {
				"node": ">=20.0.0"
			}
		},
		"node_modules/@azure/identity": {
			"version": "4.13.0",
			"resolved": "https://registry.npmjs.org/@azure/identity/-/identity-4.13.0.tgz",
			"integrity": "sha512-uWC0fssc+hs1TGGVkkghiaFkkS7NkTxfnCH+Hdg+yTehTpMcehpok4PgUKKdyCH+9ldu6FhiHRv84Ntqj1vVcw==",
			"dev": true,
			"license": "MIT",
			"dependencies": {
				"@azure/abort-controller": "^2.0.0",
				"@azure/core-auth": "^1.9.0",
				"@azure/core-client": "^1.9.2",
				"@azure/core-rest-pipeline": "^1.17.0",
				"@azure/core-tracing": "^1.0.0",
				"@azure/core-util": "^1.11.0",
				"@azure/logger": "^1.0.0",
				"@azure/msal-browser": "^4.2.0",
				"@azure/msal-node": "^3.5.0",
				"open": "^10.1.0",
				"tslib": "^2.2.0"
			},
			"engines": {
				"node": ">=20.0.0"
			}
		},
		"node_modules/@azure/logger": {
			"version": "1.3.0",
			"resolved": "https://registry.npmjs.org/@azure/logger/-/logger-1.3.0.tgz",
			"integrity": "sha512-fCqPIfOcLE+CGqGPd66c8bZpwAji98tZ4JI9i/mlTNTlsIWslCfpg48s/ypyLxZTump5sypjrKn2/kY7q8oAbA==",
			"dev": true,
			"license": "MIT",
			"dependencies": {
				"@typespec/ts-http-runtime": "^0.3.0",
				"tslib": "^2.6.2"
			},
			"engines": {
				"node": ">=20.0.0"
			}
		},
		"node_modules/@azure/msal-browser": {
			"version": "4.26.1",
			"resolved": "https://registry.npmjs.org/@azure/msal-browser/-/msal-browser-4.26.1.tgz",
			"integrity": "sha512-GGCIsZXxyNm5QcQZ4maA9q+9UWmM+/87G+ybvPkrE32el1URSa9WYt0t67ks3/P0gspZX9RoEqyLqJ/X/JDnBQ==",
			"dev": true,
			"license": "MIT",
			"dependencies": {
				"@azure/msal-common": "15.13.1"
			},
			"engines": {
				"node": ">=0.8.0"
			}
		},
		"node_modules/@azure/msal-common": {
			"version": "15.13.1",
			"resolved": "https://registry.npmjs.org/@azure/msal-common/-/msal-common-15.13.1.tgz",
			"integrity": "sha512-vQYQcG4J43UWgo1lj7LcmdsGUKWYo28RfEvDQAEMmQIMjSFufvb+pS0FJ3KXmrPmnWlt1vHDl3oip6mIDUQ4uA==",
			"dev": true,
			"license": "MIT",
			"engines": {
				"node": ">=0.8.0"
			}
		},
		"node_modules/@azure/msal-node": {
			"version": "3.8.2",
			"resolved": "https://registry.npmjs.org/@azure/msal-node/-/msal-node-3.8.2.tgz",
			"integrity": "sha512-dQrex2LiXwlCe9WuBHnCsY+xxLyuMXSd2SDEYJuhqB7cE8u6QafiC1xy8j8eBjGO30AsRi2M6amH0ZKk7vJpjA==",
			"dev": true,
			"license": "MIT",
			"dependencies": {
				"@azure/msal-common": "15.13.1",
				"jsonwebtoken": "^9.0.0",
				"uuid": "^8.3.0"
			},
			"engines": {
				"node": ">=16"
			}
		},
		"node_modules/@babel/code-frame": {
			"version": "7.27.1",
			"resolved": "https://registry.npmjs.org/@babel/code-frame/-/code-frame-7.27.1.tgz",
			"integrity": "sha512-cjQ7ZlQ0Mv3b47hABuTevyTuYN4i+loJKGeV9flcCgIK37cCXRh+L1bd3iBHlynerhQ7BhCkn2BPbQUL+rGqFg==",
			"dev": true,
			"license": "MIT",
			"dependencies": {
				"@babel/helper-validator-identifier": "^7.27.1",
				"js-tokens": "^4.0.0",
				"picocolors": "^1.1.1"
			},
			"engines": {
				"node": ">=6.9.0"
			}
		},
		"node_modules/@babel/helper-validator-identifier": {
			"version": "7.28.5",
			"resolved": "https://registry.npmjs.org/@babel/helper-validator-identifier/-/helper-validator-identifier-7.28.5.tgz",
			"integrity": "sha512-qSs4ifwzKJSV39ucNjsvc6WVHs6b7S03sOh2OcHF9UHfVPqWWALUsNUVzhSBiItjRZoLHx7nIarVjqKVusUZ1Q==",
			"dev": true,
			"license": "MIT",
			"engines": {
				"node": ">=6.9.0"
			}
		},
		"node_modules/@biomejs/biome": {
			"version": "2.3.5",
			"resolved": "https://registry.npmjs.org/@biomejs/biome/-/biome-2.3.5.tgz",
			"integrity": "sha512-HvLhNlIlBIbAV77VysRIBEwp55oM/QAjQEin74QQX9Xb259/XP/D5AGGnZMOyF1el4zcvlNYYR3AyTMUV3ILhg==",
			"dev": true,
			"license": "MIT OR Apache-2.0",
			"bin": {
				"biome": "bin/biome"
			},
			"engines": {
				"node": ">=14.21.3"
			},
			"funding": {
				"type": "opencollective",
				"url": "https://opencollective.com/biome"
			},
			"optionalDependencies": {
				"@biomejs/cli-darwin-arm64": "2.3.5",
				"@biomejs/cli-darwin-x64": "2.3.5",
				"@biomejs/cli-linux-arm64": "2.3.5",
				"@biomejs/cli-linux-arm64-musl": "2.3.5",
				"@biomejs/cli-linux-x64": "2.3.5",
				"@biomejs/cli-linux-x64-musl": "2.3.5",
				"@biomejs/cli-win32-arm64": "2.3.5",
				"@biomejs/cli-win32-x64": "2.3.5"
			}
		},
		"node_modules/@biomejs/cli-darwin-arm64": {
			"version": "2.3.5",
			"resolved": "https://registry.npmjs.org/@biomejs/cli-darwin-arm64/-/cli-darwin-arm64-2.3.5.tgz",
			"integrity": "sha512-fLdTur8cJU33HxHUUsii3GLx/TR0BsfQx8FkeqIiW33cGMtUD56fAtrh+2Fx1uhiCsVZlFh6iLKUU3pniZREQw==",
			"cpu": [
				"arm64"
			],
			"dev": true,
			"license": "MIT OR Apache-2.0",
			"optional": true,
			"os": [
				"darwin"
			],
			"engines": {
				"node": ">=14.21.3"
			}
		},
		"node_modules/@img/colour": {
			"version": "1.0.0",
			"resolved": "https://registry.npmjs.org/@img/colour/-/colour-1.0.0.tgz",
			"integrity": "sha512-A5P/LfWGFSl6nsckYtjw9da+19jB8hkJ6ACTGcDfEJ0aE+l2n2El7dsVM7UVHZQ9s2lmYMWlrS21YLy2IR1LUw==",
			"dev": true,
			"license": "MIT",
			"engines": {
				"node": ">=18"
			}
		},
		"node_modules/@img/sharp-darwin-arm64": {
			"version": "0.34.5",
			"resolved": "https://registry.npmjs.org/@img/sharp-darwin-arm64/-/sharp-darwin-arm64-0.34.5.tgz",
			"integrity": "sha512-imtQ3WMJXbMY4fxb/Ndp6HBTNVtWCUI0WdobyheGf5+ad6xX8VIDO8u2xE4qc/fr08CKG/7dDseFtn6M6g/r3w==",
			"cpu": [
				"arm64"
			],
			"dev": true,
			"license": "Apache-2.0",
			"optional": true,
			"os": [
				"darwin"
			],
			"engines": {
				"node": "^18.17.0 || ^20.3.0 || >=21.0.0"
			},
			"funding": {
				"url": "https://opencollective.com/libvips"
			},
			"optionalDependencies": {
				"@img/sharp-libvips-darwin-arm64": "1.2.4"
			}
		},
		"node_modules/@img/sharp-libvips-darwin-arm64": {
			"version": "1.2.4",
			"resolved": "https://registry.npmjs.org/@img/sharp-libvips-darwin-arm64/-/sharp-libvips-darwin-arm64-1.2.4.tgz",
			"integrity": "sha512-zqjjo7RatFfFoP0MkQ51jfuFZBnVE2pRiaydKJ1G/rHZvnsrHAOcQALIi9sA5co5xenQdTugCvtb1cuf78Vf4g==",
			"cpu": [
				"arm64"
			],
			"dev": true,
			"license": "LGPL-3.0-or-later",
			"optional": true,
			"os": [
				"darwin"
			],
			"funding": {
				"url": "https://opencollective.com/libvips"
			}
		},
		"node_modules/@types/vscode": {
			"version": "1.106.0",
			"resolved": "https://registry.npmjs.org/@types/vscode/-/vscode-1.106.0.tgz",
			"integrity": "sha512-88oUcEl9Wmlyt64pbvjLzyyFuFuPotdjwy+P+5ggg3DyTJSMWJD3ShX2ppya5mqrAYTKEhcaJBerdc5JTeb32w==",
			"dev": true,
			"license": "MIT"
		},
		"node_modules/detect-libc": {
			"version": "2.1.2",
			"resolved": "https://registry.npmjs.org/detect-libc/-/detect-libc-2.1.2.tgz",
			"integrity": "sha512-Btj2BOOO83o3WyH59e8MgXsxEQVcarkUOpEYrubB0urwnN10yQ364rsiByU11nZlqWYZm05i/of7io4mzihBtQ==",
			"dev": true,
			"license": "MIT",
			"engines": {
				"node": "20 || >=22"
			}
		},
		"node_modules/@isaacs/brace-expansion": {
			"version": "5.0.0",
			"resolved": "https://registry.npmjs.org/@isaacs/brace-expansion/-/brace-expansion-5.0.0.tgz",
			"integrity": "sha512-ZT55BDLV0yv0RBm2czMiZ+SqCGO7AvmOM3G/w2xhVPH+te0aKgFjmBvGlL1dH+ql2tgGO3MVrbb3jCKyvpgnxA==",
			"dev": true,
			"license": "MIT",
			"dependencies": {
				"@isaacs/balanced-match": "^4.0.1"
			},
			"engines": {
				"node": "20 || >=22"
			}
		},
		"node_modules/@isaacs/cliui": {
			"version": "8.0.2",
			"resolved": "https://registry.npmjs.org/@isaacs/cliui/-/cliui-8.0.2.tgz",
			"integrity": "sha512-O8jcjabXaleOG9DQ0+ARXWZBTfnP4WNAqzuiJK7ll44AmxGKv/J2M4TPjxjY3znBCfvBXFzucm1twdyFybFqEA==",
			"dev": true,
			"license": "ISC",
			"dependencies": {
				"string-width": "^5.1.2",
				"string-width-cjs": "npm:string-width@^4.2.0",
				"strip-ansi": "^7.0.1",
				"strip-ansi-cjs": "npm:strip-ansi@^6.0.1",
				"wrap-ansi": "^8.1.0",
				"wrap-ansi-cjs": "npm:wrap-ansi@^7.0.0"
			},
			"engines": {
				"node": ">=12"
			}
		},
		"node_modules/sharp": {
			"version": "0.34.5",
			"resolved": "https://registry.npmjs.org/sharp/-/sharp-0.34.5.tgz",
			"integrity": "sha512-Ou9I5Ft9WNcCbXrU9cMgPBcCK8LiwLqcbywW3t4oDV37n1pzpuNLsYiAV8eODnjbtQlSDwZ2cUEeQz4E54Hltg==",
			"dev": true,
			"license": "MIT"
		},
		"node_modules/@isaacs/cliui/node_modules/string-width": {
			"version": "5.1.2",
			"resolved": "https://registry.npmjs.org/string-width/-/string-width-5.1.2.tgz",
			"integrity": "sha512-HnLOCR3vjcY8beoNLtcjZ5/nxn2afmME6lhrDrebokqMap+XbeW8n9TXpPDOqdGK5qcI3oT0GKTW6wC7EMiVqA==",
			"dev": true,
			"license": "MIT",
			"dependencies": {
				"@img/colour": "^1.0.0",
				"detect-libc": "^2.1.2",
				"semver": "^7.7.3"
			},
			"engines": {
				"node": ">=12"
			},
			"funding": {
				"url": "https://opencollective.com/libvips"
			},
			"optionalDependencies": {
				"@img/sharp-darwin-arm64": "0.34.5",
				"@img/sharp-darwin-x64": "0.34.5",
				"@img/sharp-libvips-darwin-arm64": "1.2.4",
				"@img/sharp-libvips-darwin-x64": "1.2.4",
				"@img/sharp-libvips-linux-arm": "1.2.4",
				"@img/sharp-libvips-linux-arm64": "1.2.4",
				"@img/sharp-libvips-linux-ppc64": "1.2.4",
				"@img/sharp-libvips-linux-riscv64": "1.2.4",
				"@img/sharp-libvips-linux-s390x": "1.2.4",
				"@img/sharp-libvips-linux-x64": "1.2.4",
				"@img/sharp-libvips-linuxmusl-arm64": "1.2.4",
				"@img/sharp-libvips-linuxmusl-x64": "1.2.4",
				"@img/sharp-linux-arm": "0.34.5",
				"@img/sharp-linux-arm64": "0.34.5",
				"@img/sharp-linux-ppc64": "0.34.5",
				"@img/sharp-linux-riscv64": "0.34.5",
				"@img/sharp-linux-s390x": "0.34.5",
				"@img/sharp-linux-x64": "0.34.5",
				"@img/sharp-linuxmusl-arm64": "0.34.5",
				"@img/sharp-linuxmusl-x64": "0.34.5",
				"@img/sharp-wasm32": "0.34.5",
				"@img/sharp-win32-arm64": "0.34.5",
				"@img/sharp-win32-ia32": "0.34.5",
				"@img/sharp-win32-x64": "0.34.5"
			}
		}
	}
}
