{
  "name": "symbols",
  "version": "0.0.4",
  "lockfileVersion": 2,
  "requires": true,
  "packages": {
    "": {
      "name": "symbols",
      "version": "0.0.4",
      "devDependencies": {
        "@types/vscode": "^1.70.0"
      },
      "engines": {
        "vscode": "^1.69.0"
      }
    },
    "node_modules/@types/vscode": {
      "version": "1.70.0",
      "resolved": "https://registry.npmjs.org/@types/vscode/-/vscode-1.70.0.tgz",
      "integrity": "sha512-3/9Fz0F2eBgwciazc94Ien+9u1elnjFg9YAhvAb3qDy/WeFWD9VrOPU7CIytryOVUdbxus8uzL4VZYONA0gDtA==",
      "dev": true
    }
  },
  "dependencies": {
    "@types/vscode": {
      "version": "1.70.0",
      "resolved": "https://registry.npmjs.org/@types/vscode/-/vscode-1.70.0.tgz",
      "integrity": "sha512-3/9Fz0F2eBgwciazc94Ien+9u1elnjFg9YAhvAb3qDy/WeFWD9VrOPU7CIytryOVUdbxus8uzL4VZYONA0gDtA==",
      "dev": true
    }
  }
}
